// !$*UTF8*$!
{
	archiveVersion = 1;
	classes = {
	};
	objectVersion = 46;
	objects = {

/* Begin PBXBuildFile section */
		B634E0D3F56C432390346BF3 /* libPods.a in Frameworks */ = {isa = PBXBuildFile; fileRef = A196262872554D9A97D93542 /* libPods.a */; };
		D006F317196D3ACA0086D383 /* TMListViewController.m in Sources */ = {isa = PBXBuildFile; fileRef = D006F315196D3ACA0086D383 /* TMListViewController.m */; };
		D006F318196D3ACA0086D383 /* TMListViewController.xib in Resources */ = {isa = PBXBuildFile; fileRef = D006F316196D3ACA0086D383 /* TMListViewController.xib */; };
		D01210F919737A970097B09B /* TMListTableViewCell.m in Sources */ = {isa = PBXBuildFile; fileRef = D01210F719737A970097B09B /* TMListTableViewCell.m */; };
		D01210FA19737A970097B09B /* TMListTableViewCell.xib in Resources */ = {isa = PBXBuildFile; fileRef = D01210F819737A970097B09B /* TMListTableViewCell.xib */; };
		D01B42B8196F9854004D13EA /* TMDataSourceListViewController.m in Sources */ = {isa = PBXBuildFile; fileRef = D01B42B6196F9854004D13EA /* TMDataSourceListViewController.m */; };
		D01B42B9196F9854004D13EA /* TMDataSourceListViewController.xib in Resources */ = {isa = PBXBuildFile; fileRef = D01B42B7196F9854004D13EA /* TMDataSourceListViewController.xib */; };
		D01B42BE196F9A16004D13EA /* TMDataSourceTableViewCell.m in Sources */ = {isa = PBXBuildFile; fileRef = D01B42BC196F9A16004D13EA /* TMDataSourceTableViewCell.m */; };
		D01B42BF196F9A16004D13EA /* TMDataSourceTableViewCell.xib in Resources */ = {isa = PBXBuildFile; fileRef = D01B42BD196F9A16004D13EA /* TMDataSourceTableViewCell.xib */; };
		D03DE737196CE79300E17D86 /* TMMenuViewController.m in Sources */ = {isa = PBXBuildFile; fileRef = D03DE735196CE79300E17D86 /* TMMenuViewController.m */; };
		D03DE738196CE79300E17D86 /* TMMenuViewController.xib in Resources */ = {isa = PBXBuildFile; fileRef = D03DE736196CE79300E17D86 /* TMMenuViewController.xib */; };
		D05E8A53196F856200B633A3 /* TMDataManager.m in Sources */ = {isa = PBXBuildFile; fileRef = D05E8A52196F856200B633A3 /* TMDataManager.m */; };
		D05E8A56196F86EE00B633A3 /* CoreDataModel.xcdatamodeld in Sources */ = {isa = PBXBuildFile; fileRef = D05E8A54196F86EE00B633A3 /* CoreDataModel.xcdatamodeld */; };
		D064DB9D1974E44800D60699 /* Source.m in Sources */ = {isa = PBXBuildFile; fileRef = D064DB9C1974E44800D60699 /* Source.m */; };
		D064DBA01974E44900D60699 /* Place.m in Sources */ = {isa = PBXBuildFile; fileRef = D064DB9F1974E44900D60699 /* Place.m */; };
		D06FA22A197394D3001572E7 /* TMAboutViewController.m in Sources */ = {isa = PBXBuildFile; fileRef = D06FA228197394D3001572E7 /* TMAboutViewController.m */; };
		D06FA22B197394D3001572E7 /* TMAboutViewController.xib in Resources */ = {isa = PBXBuildFile; fileRef = D06FA229197394D3001572E7 /* TMAboutViewController.xib */; };
		D0C0F9301973917C009ACD29 /* menu.png in Resources */ = {isa = PBXBuildFile; fileRef = D0C0F92F1973917C009ACD29 /* menu.png */; };
		D0D361A019737EA600196D7D /* TMMenuTableViewCell.m in Sources */ = {isa = PBXBuildFile; fileRef = D0D3619E19737EA600196D7D /* TMMenuTableViewCell.m */; };
		D0D361A119737EA600196D7D /* TMMenuTableViewCell.xib in Resources */ = {isa = PBXBuildFile; fileRef = D0D3619F19737EA600196D7D /* TMMenuTableViewCell.xib */; };
		D0DC76CF196CE47A001EB2D3 /* Foundation.framework in Frameworks */ = {isa = PBXBuildFile; fileRef = D0DC76CE196CE47A001EB2D3 /* Foundation.framework */; };
		D0DC76D1196CE47A001EB2D3 /* CoreGraphics.framework in Frameworks */ = {isa = PBXBuildFile; fileRef = D0DC76D0196CE47A001EB2D3 /* CoreGraphics.framework */; };
		D0DC76D3196CE47A001EB2D3 /* UIKit.framework in Frameworks */ = {isa = PBXBuildFile; fileRef = D0DC76D2196CE47A001EB2D3 /* UIKit.framework */; };
		D0DC76D9196CE47A001EB2D3 /* InfoPlist.strings in Resources */ = {isa = PBXBuildFile; fileRef = D0DC76D7196CE47A001EB2D3 /* InfoPlist.strings */; };
		D0DC76DB196CE47A001EB2D3 /* main.m in Sources */ = {isa = PBXBuildFile; fileRef = D0DC76DA196CE47A001EB2D3 /* main.m */; };
		D0DC76DF196CE47A001EB2D3 /* TMAppDelegate.m in Sources */ = {isa = PBXBuildFile; fileRef = D0DC76DE196CE47A001EB2D3 /* TMAppDelegate.m */; };
		D0DC76E5196CE47A001EB2D3 /* TMViewController.m in Sources */ = {isa = PBXBuildFile; fileRef = D0DC76E4196CE47A001EB2D3 /* TMViewController.m */; };
		D0DC76E7196CE47A001EB2D3 /* Images.xcassets in Resources */ = {isa = PBXBuildFile; fileRef = D0DC76E6196CE47A001EB2D3 /* Images.xcassets */; };
		D0DC7704196CE4A1001EB2D3 /* TMViewController.xib in Resources */ = {isa = PBXBuildFile; fileRef = D0DC7703196CE4A1001EB2D3 /* TMViewController.xib */; };
/* End PBXBuildFile section */

/* Begin PBXFileReference section */
		803BF46C0A3940FCA9B01073 /* Pods.xcconfig */ = {isa = PBXFileReference; includeInIndex = 1; lastKnownFileType = text.xcconfig; name = Pods.xcconfig; path = Pods/Pods.xcconfig; sourceTree = "<group>"; };
		A196262872554D9A97D93542 /* libPods.a */ = {isa = PBXFileReference; explicitFileType = archive.ar; includeInIndex = 0; path = libPods.a; sourceTree = BUILT_PRODUCTS_DIR; };
		D006F314196D3ACA0086D383 /* TMListViewController.h */ = {isa = PBXFileReference; fileEncoding = 4; lastKnownFileType = sourcecode.c.h; path = TMListViewController.h; sourceTree = "<group>"; };
		D006F315196D3ACA0086D383 /* TMListViewController.m */ = {isa = PBXFileReference; fileEncoding = 4; lastKnownFileType = sourcecode.c.objc; path = TMListViewController.m; sourceTree = "<group>"; };
		D006F316196D3ACA0086D383 /* TMListViewController.xib */ = {isa = PBXFileReference; fileEncoding = 4; lastKnownFileType = file.xib; path = TMListViewController.xib; sourceTree = "<group>"; };
		D01210F619737A970097B09B /* TMListTableViewCell.h */ = {isa = PBXFileReference; fileEncoding = 4; lastKnownFileType = sourcecode.c.h; path = TMListTableViewCell.h; sourceTree = "<group>"; };
		D01210F719737A970097B09B /* TMListTableViewCell.m */ = {isa = PBXFileReference; fileEncoding = 4; lastKnownFileType = sourcecode.c.objc; path = TMListTableViewCell.m; sourceTree = "<group>"; };
		D01210F819737A970097B09B /* TMListTableViewCell.xib */ = {isa = PBXFileReference; fileEncoding = 4; lastKnownFileType = file.xib; path = TMListTableViewCell.xib; sourceTree = "<group>"; };
		D01B42B5196F9854004D13EA /* TMDataSourceListViewController.h */ = {isa = PBXFileReference; fileEncoding = 4; lastKnownFileType = sourcecode.c.h; path = TMDataSourceListViewController.h; sourceTree = "<group>"; };
		D01B42B6196F9854004D13EA /* TMDataSourceListViewController.m */ = {isa = PBXFileReference; fileEncoding = 4; lastKnownFileType = sourcecode.c.objc; path = TMDataSourceListViewController.m; sourceTree = "<group>"; };
		D01B42B7196F9854004D13EA /* TMDataSourceListViewController.xib */ = {isa = PBXFileReference; fileEncoding = 4; lastKnownFileType = file.xib; path = TMDataSourceListViewController.xib; sourceTree = "<group>"; };
		D01B42BB196F9A16004D13EA /* TMDataSourceTableViewCell.h */ = {isa = PBXFileReference; fileEncoding = 4; lastKnownFileType = sourcecode.c.h; path = TMDataSourceTableViewCell.h; sourceTree = "<group>"; };
		D01B42BC196F9A16004D13EA /* TMDataSourceTableViewCell.m */ = {isa = PBXFileReference; fileEncoding = 4; lastKnownFileType = sourcecode.c.objc; path = TMDataSourceTableViewCell.m; sourceTree = "<group>"; };
		D01B42BD196F9A16004D13EA /* TMDataSourceTableViewCell.xib */ = {isa = PBXFileReference; fileEncoding = 4; lastKnownFileType = file.xib; path = TMDataSourceTableViewCell.xib; sourceTree = "<group>"; };
		D03DE734196CE79300E17D86 /* TMMenuViewController.h */ = {isa = PBXFileReference; fileEncoding = 4; lastKnownFileType = sourcecode.c.h; path = TMMenuViewController.h; sourceTree = "<group>"; };
		D03DE735196CE79300E17D86 /* TMMenuViewController.m */ = {isa = PBXFileReference; fileEncoding = 4; lastKnownFileType = sourcecode.c.objc; path = TMMenuViewController.m; sourceTree = "<group>"; };
		D03DE736196CE79300E17D86 /* TMMenuViewController.xib */ = {isa = PBXFileReference; fileEncoding = 4; lastKnownFileType = file.xib; path = TMMenuViewController.xib; sourceTree = "<group>"; };
		D05E8A51196F856200B633A3 /* TMDataManager.h */ = {isa = PBXFileReference; fileEncoding = 4; lastKnownFileType = sourcecode.c.h; path = TMDataManager.h; sourceTree = "<group>"; };
		D05E8A52196F856200B633A3 /* TMDataManager.m */ = {isa = PBXFileReference; fileEncoding = 4; lastKnownFileType = sourcecode.c.objc; path = TMDataManager.m; sourceTree = "<group>"; };
		D05E8A55196F86EE00B633A3 /* CoreDataModel.xcdatamodel */ = {isa = PBXFileReference; lastKnownFileType = wrapper.xcdatamodel; path = CoreDataModel.xcdatamodel; sourceTree = "<group>"; };
		D064DB9B1974E44800D60699 /* Source.h */ = {isa = PBXFileReference; fileEncoding = 4; lastKnownFileType = sourcecode.c.h; path = Source.h; sourceTree = "<group>"; };
		D064DB9C1974E44800D60699 /* Source.m */ = {isa = PBXFileReference; fileEncoding = 4; lastKnownFileType = sourcecode.c.objc; path = Source.m; sourceTree = "<group>"; };
		D064DB9E1974E44900D60699 /* Place.h */ = {isa = PBXFileReference; fileEncoding = 4; lastKnownFileType = sourcecode.c.h; path = Place.h; sourceTree = "<group>"; };
		D064DB9F1974E44900D60699 /* Place.m */ = {isa = PBXFileReference; fileEncoding = 4; lastKnownFileType = sourcecode.c.objc; path = Place.m; sourceTree = "<group>"; };
		D06FA227197394D3001572E7 /* TMAboutViewController.h */ = {isa = PBXFileReference; fileEncoding = 4; lastKnownFileType = sourcecode.c.h; path = TMAboutViewController.h; sourceTree = "<group>"; };
		D06FA228197394D3001572E7 /* TMAboutViewController.m */ = {isa = PBXFileReference; fileEncoding = 4; lastKnownFileType = sourcecode.c.objc; path = TMAboutViewController.m; sourceTree = "<group>"; };
		D06FA229197394D3001572E7 /* TMAboutViewController.xib */ = {isa = PBXFileReference; fileEncoding = 4; lastKnownFileType = file.xib; path = TMAboutViewController.xib; sourceTree = "<group>"; };
		D0C0F92F1973917C009ACD29 /* menu.png */ = {isa = PBXFileReference; lastKnownFileType = image.png; path = menu.png; sourceTree = "<group>"; };
		D0D3619D19737EA600196D7D /* TMMenuTableViewCell.h */ = {isa = PBXFileReference; fileEncoding = 4; lastKnownFileType = sourcecode.c.h; path = TMMenuTableViewCell.h; sourceTree = "<group>"; };
		D0D3619E19737EA600196D7D /* TMMenuTableViewCell.m */ = {isa = PBXFileReference; fileEncoding = 4; lastKnownFileType = sourcecode.c.objc; path = TMMenuTableViewCell.m; sourceTree = "<group>"; };
		D0D3619F19737EA600196D7D /* TMMenuTableViewCell.xib */ = {isa = PBXFileReference; fileEncoding = 4; lastKnownFileType = file.xib; path = TMMenuTableViewCell.xib; sourceTree = "<group>"; };
		D0DC76CB196CE47A001EB2D3 /* Tour Map.app */ = {isa = PBXFileReference; explicitFileType = wrapper.application; includeInIndex = 0; path = "Tour Map.app"; sourceTree = BUILT_PRODUCTS_DIR; };
		D0DC76CE196CE47A001EB2D3 /* Foundation.framework */ = {isa = PBXFileReference; lastKnownFileType = wrapper.framework; name = Foundation.framework; path = System/Library/Frameworks/Foundation.framework; sourceTree = SDKROOT; };
		D0DC76D0196CE47A001EB2D3 /* CoreGraphics.framework */ = {isa = PBXFileReference; lastKnownFileType = wrapper.framework; name = CoreGraphics.framework; path = System/Library/Frameworks/CoreGraphics.framework; sourceTree = SDKROOT; };
		D0DC76D2196CE47A001EB2D3 /* UIKit.framework */ = {isa = PBXFileReference; lastKnownFileType = wrapper.framework; name = UIKit.framework; path = System/Library/Frameworks/UIKit.framework; sourceTree = SDKROOT; };
		D0DC76D6196CE47A001EB2D3 /* Tour Map-Info.plist */ = {isa = PBXFileReference; lastKnownFileType = text.plist.xml; path = "Tour Map-Info.plist"; sourceTree = "<group>"; };
		D0DC76D8196CE47A001EB2D3 /* en */ = {isa = PBXFileReference; lastKnownFileType = text.plist.strings; name = en; path = en.lproj/InfoPlist.strings; sourceTree = "<group>"; };
		D0DC76DA196CE47A001EB2D3 /* main.m */ = {isa = PBXFileReference; lastKnownFileType = sourcecode.c.objc; path = main.m; sourceTree = "<group>"; };
		D0DC76DC196CE47A001EB2D3 /* Tour Map-Prefix.pch */ = {isa = PBXFileReference; lastKnownFileType = sourcecode.c.h; path = "Tour Map-Prefix.pch"; sourceTree = "<group>"; };
		D0DC76DD196CE47A001EB2D3 /* TMAppDelegate.h */ = {isa = PBXFileReference; lastKnownFileType = sourcecode.c.h; path = TMAppDelegate.h; sourceTree = "<group>"; };
		D0DC76DE196CE47A001EB2D3 /* TMAppDelegate.m */ = {isa = PBXFileReference; lastKnownFileType = sourcecode.c.objc; path = TMAppDelegate.m; sourceTree = "<group>"; };
		D0DC76E3196CE47A001EB2D3 /* TMViewController.h */ = {isa = PBXFileReference; lastKnownFileType = sourcecode.c.h; path = TMViewController.h; sourceTree = "<group>"; };
		D0DC76E4196CE47A001EB2D3 /* TMViewController.m */ = {isa = PBXFileReference; lastKnownFileType = sourcecode.c.objc; path = TMViewController.m; sourceTree = "<group>"; };
		D0DC76E6196CE47A001EB2D3 /* Images.xcassets */ = {isa = PBXFileReference; lastKnownFileType = folder.assetcatalog; path = Images.xcassets; sourceTree = "<group>"; };
		D0DC76ED196CE47A001EB2D3 /* XCTest.framework */ = {isa = PBXFileReference; lastKnownFileType = wrapper.framework; name = XCTest.framework; path = Library/Frameworks/XCTest.framework; sourceTree = DEVELOPER_DIR; };
		D0DC7703196CE4A1001EB2D3 /* TMViewController.xib */ = {isa = PBXFileReference; fileEncoding = 4; lastKnownFileType = file.xib; path = TMViewController.xib; sourceTree = "<group>"; };
/* End PBXFileReference section */

/* Begin PBXFrameworksBuildPhase section */
		D0DC76C8196CE47A001EB2D3 /* Frameworks */ = {
			isa = PBXFrameworksBuildPhase;
			buildActionMask = 2147483647;
			files = (
				D0DC76D1196CE47A001EB2D3 /* CoreGraphics.framework in Frameworks */,
				D0DC76D3196CE47A001EB2D3 /* UIKit.framework in Frameworks */,
				D0DC76CF196CE47A001EB2D3 /* Foundation.framework in Frameworks */,
				B634E0D3F56C432390346BF3 /* libPods.a in Frameworks */,
			);
			runOnlyForDeploymentPostprocessing = 0;
		};
/* End PBXFrameworksBuildPhase section */

/* Begin PBXGroup section */
		D01B42BA196F9A00004D13EA /* TableViewCell */ = {
			isa = PBXGroup;
			children = (
				D01B42BB196F9A16004D13EA /* TMDataSourceTableViewCell.h */,
				D01B42BC196F9A16004D13EA /* TMDataSourceTableViewCell.m */,
				D01B42BD196F9A16004D13EA /* TMDataSourceTableViewCell.xib */,
				D01210F619737A970097B09B /* TMListTableViewCell.h */,
				D01210F719737A970097B09B /* TMListTableViewCell.m */,
				D01210F819737A970097B09B /* TMListTableViewCell.xib */,
			);
			name = TableViewCell;
			sourceTree = "<group>";
		};
		D03DE733196CE77200E17D86 /* MenuViewController */ = {
			isa = PBXGroup;
			children = (
				D03DE734196CE79300E17D86 /* TMMenuViewController.h */,
				D03DE735196CE79300E17D86 /* TMMenuViewController.m */,
				D03DE736196CE79300E17D86 /* TMMenuViewController.xib */,
				D0D3619D19737EA600196D7D /* TMMenuTableViewCell.h */,
				D0D3619E19737EA600196D7D /* TMMenuTableViewCell.m */,
				D0D3619F19737EA600196D7D /* TMMenuTableViewCell.xib */,
			);
			name = MenuViewController;
			sourceTree = "<group>";
		};
		D05E8A50196F854500B633A3 /* Model */ = {
			isa = PBXGroup;
			children = (
				D0CB67E4196FA56900106DD4 /* CoreData */,
				D05E8A51196F856200B633A3 /* TMDataManager.h */,
				D05E8A52196F856200B633A3 /* TMDataManager.m */,
			);
			name = Model;
			sourceTree = "<group>";
		};
		D0CB67E4196FA56900106DD4 /* CoreData */ = {
			isa = PBXGroup;
			children = (
				D05E8A54196F86EE00B633A3 /* CoreDataModel.xcdatamodeld */,
				D064DB9E1974E44900D60699 /* Place.h */,
				D064DB9F1974E44900D60699 /* Place.m */,
				D064DB9B1974E44800D60699 /* Source.h */,
				D064DB9C1974E44800D60699 /* Source.m */,
			);
			name = CoreData;
			sourceTree = "<group>";
		};
		D0DC76C2196CE47A001EB2D3 = {
			isa = PBXGroup;
			children = (
				D0DC76D4196CE47A001EB2D3 /* Tour Map */,
				D0DC76CD196CE47A001EB2D3 /* Frameworks */,
				D0DC76CC196CE47A001EB2D3 /* Products */,
				803BF46C0A3940FCA9B01073 /* Pods.xcconfig */,
			);
			sourceTree = "<group>";
		};
		D0DC76CC196CE47A001EB2D3 /* Products */ = {
			isa = PBXGroup;
			children = (
				D0DC76CB196CE47A001EB2D3 /* Tour Map.app */,
			);
			name = Products;
			sourceTree = "<group>";
		};
		D0DC76CD196CE47A001EB2D3 /* Frameworks */ = {
			isa = PBXGroup;
			children = (
				D0DC76CE196CE47A001EB2D3 /* Foundation.framework */,
				D0DC76D0196CE47A001EB2D3 /* CoreGraphics.framework */,
				D0DC76D2196CE47A001EB2D3 /* UIKit.framework */,
				D0DC76ED196CE47A001EB2D3 /* XCTest.framework */,
				A196262872554D9A97D93542 /* libPods.a */,
			);
			name = Frameworks;
			sourceTree = "<group>";
		};
		D0DC76D4196CE47A001EB2D3 /* Tour Map */ = {
			isa = PBXGroup;
			children = (
				D0DC76DD196CE47A001EB2D3 /* TMAppDelegate.h */,
				D0DC76DE196CE47A001EB2D3 /* TMAppDelegate.m */,
				D05E8A50196F854500B633A3 /* Model */,
				D03DE733196CE77200E17D86 /* MenuViewController */,
				D0DC76E3196CE47A001EB2D3 /* TMViewController.h */,
				D0DC76E4196CE47A001EB2D3 /* TMViewController.m */,
				D0DC7703196CE4A1001EB2D3 /* TMViewController.xib */,
				D006F314196D3ACA0086D383 /* TMListViewController.h */,
				D006F315196D3ACA0086D383 /* TMListViewController.m */,
				D006F316196D3ACA0086D383 /* TMListViewController.xib */,
				D01B42B5196F9854004D13EA /* TMDataSourceListViewController.h */,
				D01B42B6196F9854004D13EA /* TMDataSourceListViewController.m */,
				D01B42B7196F9854004D13EA /* TMDataSourceListViewController.xib */,
				D06FA227197394D3001572E7 /* TMAboutViewController.h */,
				D06FA228197394D3001572E7 /* TMAboutViewController.m */,
				D06FA229197394D3001572E7 /* TMAboutViewController.xib */,
				D01B42BA196F9A00004D13EA /* TableViewCell */,
				D0DC76E6196CE47A001EB2D3 /* Images.xcassets */,
				D0C0F92F1973917C009ACD29 /* menu.png */,
				D0DC76D5196CE47A001EB2D3 /* Supporting Files */,
			);
			path = "Tour Map";
			sourceTree = "<group>";
		};
		D0DC76D5196CE47A001EB2D3 /* Supporting Files */ = {
			isa = PBXGroup;
			children = (
				D0DC76D6196CE47A001EB2D3 /* Tour Map-Info.plist */,
				D0DC76D7196CE47A001EB2D3 /* InfoPlist.strings */,
				D0DC76DA196CE47A001EB2D3 /* main.m */,
				D0DC76DC196CE47A001EB2D3 /* Tour Map-Prefix.pch */,
			);
			name = "Supporting Files";
			sourceTree = "<group>";
		};
/* End PBXGroup section */

/* Begin PBXNativeTarget section */
		D0DC76CA196CE47A001EB2D3 /* Tour Map */ = {
			isa = PBXNativeTarget;
			buildConfigurationList = D0DC76FD196CE47A001EB2D3 /* Build configuration list for PBXNativeTarget "Tour Map" */;
			buildPhases = (
				59A38EE6C7494431BE110273 /* Check Pods Manifest.lock */,
				D0DC76C7196CE47A001EB2D3 /* Sources */,
				D0DC76C8196CE47A001EB2D3 /* Frameworks */,
				D0DC76C9196CE47A001EB2D3 /* Resources */,
				C59752A7ED684C32A019FAD9 /* Copy Pods Resources */,
			);
			buildRules = (
			);
			dependencies = (
			);
			name = "Tour Map";
			productName = "Tour Map";
			productReference = D0DC76CB196CE47A001EB2D3 /* Tour Map.app */;
			productType = "com.apple.product-type.application";
		};
/* End PBXNativeTarget section */

/* Begin PBXProject section */
		D0DC76C3196CE47A001EB2D3 /* Project object */ = {
			isa = PBXProject;
			attributes = {
				CLASSPREFIX = TM;
				LastUpgradeCheck = 0510;
				ORGANIZATIONNAME = Peterlee;
			};
			buildConfigurationList = D0DC76C6196CE47A001EB2D3 /* Build configuration list for PBXProject "Tour Map" */;
			compatibilityVersion = "Xcode 3.2";
			developmentRegion = English;
			hasScannedForEncodings = 0;
			knownRegions = (
				en,
				Base,
			);
			mainGroup = D0DC76C2196CE47A001EB2D3;
			productRefGroup = D0DC76CC196CE47A001EB2D3 /* Products */;
			projectDirPath = "";
			projectRoot = "";
			targets = (
				D0DC76CA196CE47A001EB2D3 /* Tour Map */,
			);
		};
/* End PBXProject section */

/* Begin PBXResourcesBuildPhase section */
		D0DC76C9196CE47A001EB2D3 /* Resources */ = {
			isa = PBXResourcesBuildPhase;
			buildActionMask = 2147483647;
			files = (
				D01210FA19737A970097B09B /* TMListTableViewCell.xib in Resources */,
				D01B42B9196F9854004D13EA /* TMDataSourceListViewController.xib in Resources */,
				D0DC76E7196CE47A001EB2D3 /* Images.xcassets in Resources */,
				D0D361A119737EA600196D7D /* TMMenuTableViewCell.xib in Resources */,
				D0DC7704196CE4A1001EB2D3 /* TMViewController.xib in Resources */,
				D01B42BF196F9A16004D13EA /* TMDataSourceTableViewCell.xib in Resources */,
				D0C0F9301973917C009ACD29 /* menu.png in Resources */,
				D06FA22B197394D3001572E7 /* TMAboutViewController.xib in Resources */,
				D03DE738196CE79300E17D86 /* TMMenuViewController.xib in Resources */,
				D006F318196D3ACA0086D383 /* TMListViewController.xib in Resources */,
				D0DC76D9196CE47A001EB2D3 /* InfoPlist.strings in Resources */,
			);
			runOnlyForDeploymentPostprocessing = 0;
		};
/* End PBXResourcesBuildPhase section */

/* Begin PBXShellScriptBuildPhase section */
		59A38EE6C7494431BE110273 /* Check Pods Manifest.lock */ = {
			isa = PBXShellScriptBuildPhase;
			buildActionMask = 2147483647;
			files = (
			);
			inputPaths = (
			);
			name = "Check Pods Manifest.lock";
			outputPaths = (
			);
			runOnlyForDeploymentPostprocessing = 0;
			shellPath = /bin/sh;
			shellScript = "diff \"${PODS_ROOT}/../Podfile.lock\" \"${PODS_ROOT}/Manifest.lock\" > /dev/null\nif [[ $? != 0 ]] ; then\n    cat << EOM\nerror: The sandbox is not in sync with the Podfile.lock. Run 'pod install' or update your CocoaPods installation.\nEOM\n    exit 1\nfi\n";
			showEnvVarsInLog = 0;
		};
		C59752A7ED684C32A019FAD9 /* Copy Pods Resources */ = {
			isa = PBXShellScriptBuildPhase;
			buildActionMask = 2147483647;
			files = (
			);
			inputPaths = (
			);
			name = "Copy Pods Resources";
			outputPaths = (
			);
			runOnlyForDeploymentPostprocessing = 0;
			shellPath = /bin/sh;
			shellScript = "\"${SRCROOT}/Pods/Pods-resources.sh\"\n";
			showEnvVarsInLog = 0;
		};
/* End PBXShellScriptBuildPhase section */

/* Begin PBXSourcesBuildPhase section */
		D0DC76C7196CE47A001EB2D3 /* Sources */ = {
			isa = PBXSourcesBuildPhase;
			buildActionMask = 2147483647;
			files = (
				D0DC76E5196CE47A001EB2D3 /* TMViewController.m in Sources */,
				D0DC76DB196CE47A001EB2D3 /* main.m in Sources */,
				D03DE737196CE79300E17D86 /* TMMenuViewController.m in Sources */,
				D064DB9D1974E44800D60699 /* Source.m in Sources */,
				D01B42BE196F9A16004D13EA /* TMDataSourceTableViewCell.m in Sources */,
				D0D361A019737EA600196D7D /* TMMenuTableViewCell.m in Sources */,
				D06FA22A197394D3001572E7 /* TMAboutViewController.m in Sources */,
				D006F317196D3ACA0086D383 /* TMListViewController.m in Sources */,
				D01B42B8196F9854004D13EA /* TMDataSourceListViewController.m in Sources */,
				D064DBA01974E44900D60699 /* Place.m in Sources */,
				D01210F919737A970097B09B /* TMListTableViewCell.m in Sources */,
				D05E8A53196F856200B633A3 /* TMDataManager.m in Sources */,
				D05E8A56196F86EE00B633A3 /* CoreDataModel.xcdatamodeld in Sources */,
				D0DC76DF196CE47A001EB2D3 /* TMAppDelegate.m in Sources */,
			);
			runOnlyForDeploymentPostprocessing = 0;
		};
/* End PBXSourcesBuildPhase section */

/* Begin PBXVariantGroup section */
		D0DC76D7196CE47A001EB2D3 /* InfoPlist.strings */ = {
			isa = PBXVariantGroup;
			children = (
				D0DC76D8196CE47A001EB2D3 /* en */,
			);
			name = InfoPlist.strings;
			sourceTree = "<group>";
		};
/* End PBXVariantGroup section */

/* Begin XCBuildConfiguration section */
		D0DC76FB196CE47A001EB2D3 /* Debug */ = {
			isa = XCBuildConfiguration;
			buildSettings = {
				ALWAYS_SEARCH_USER_PATHS = NO;
				CLANG_CXX_LANGUAGE_STANDARD = "gnu++0x";
				CLANG_CXX_LIBRARY = "libc++";
				CLANG_ENABLE_MODULES = YES;
				CLANG_ENABLE_OBJC_ARC = YES;
				CLANG_WARN_BOOL_CONVERSION = YES;
				CLANG_WARN_CONSTANT_CONVERSION = YES;
				CLANG_WARN_DIRECT_OBJC_ISA_USAGE = YES_ERROR;
				CLANG_WARN_EMPTY_BODY = YES;
				CLANG_WARN_ENUM_CONVERSION = YES;
				CLANG_WARN_INT_CONVERSION = YES;
				CLANG_WARN_OBJC_ROOT_CLASS = YES_ERROR;
				CLANG_WARN__DUPLICATE_METHOD_MATCH = YES;
				"CODE_SIGN_IDENTITY[sdk=iphoneos*]" = "iPhone Developer";
				COPY_PHASE_STRIP = NO;
				GCC_C_LANGUAGE_STANDARD = gnu99;
				GCC_DYNAMIC_NO_PIC = NO;
				GCC_OPTIMIZATION_LEVEL = 0;
				GCC_PREPROCESSOR_DEFINITIONS = (
					"DEBUG=1",
					"$(inherited)",
				);
				GCC_SYMBOLS_PRIVATE_EXTERN = NO;
				GCC_WARN_64_TO_32_BIT_CONVERSION = YES;
				GCC_WARN_ABOUT_RETURN_TYPE = YES_ERROR;
				GCC_WARN_UNDECLARED_SELECTOR = YES;
				GCC_WARN_UNINITIALIZED_AUTOS = YES_AGGRESSIVE;
				GCC_WARN_UNUSED_FUNCTION = YES;
				GCC_WARN_UNUSED_VARIABLE = YES;
				IPHONEOS_DEPLOYMENT_TARGET = 7.0;
				ONLY_ACTIVE_ARCH = YES;
				SDKROOT = iphoneos;
			};
			name = Debug;
		};
		D0DC76FC196CE47A001EB2D3 /* Release */ = {
			isa = XCBuildConfiguration;
			buildSettings = {
				ALWAYS_SEARCH_USER_PATHS = NO;
				CLANG_CXX_LANGUAGE_STANDARD = "gnu++0x";
				CLANG_CXX_LIBRARY = "libc++";
				CLANG_ENABLE_MODULES = YES;
				CLANG_ENABLE_OBJC_ARC = YES;
				CLANG_WARN_BOOL_CONVERSION = YES;
				CLANG_WARN_CONSTANT_CONVERSION = YES;
				CLANG_WARN_DIRECT_OBJC_ISA_USAGE = YES_ERROR;
				CLANG_WARN_EMPTY_BODY = YES;
				CLANG_WARN_ENUM_CONVERSION = YES;
				CLANG_WARN_INT_CONVERSION = YES;
				CLANG_WARN_OBJC_ROOT_CLASS = YES_ERROR;
				CLANG_WARN__DUPLICATE_METHOD_MATCH = YES;
				"CODE_SIGN_IDENTITY[sdk=iphoneos*]" = "iPhone Developer";
				COPY_PHASE_STRIP = YES;
				ENABLE_NS_ASSERTIONS = NO;
				GCC_C_LANGUAGE_STANDARD = gnu99;
				GCC_WARN_64_TO_32_BIT_CONVERSION = YES;
				GCC_WARN_ABOUT_RETURN_TYPE = YES_ERROR;
				GCC_WARN_UNDECLARED_SELECTOR = YES;
				GCC_WARN_UNINITIALIZED_AUTOS = YES_AGGRESSIVE;
				GCC_WARN_UNUSED_FUNCTION = YES;
				GCC_WARN_UNUSED_VARIABLE = YES;
				IPHONEOS_DEPLOYMENT_TARGET = 7.0;
				SDKROOT = iphoneos;
				VALIDATE_PRODUCT = YES;
			};
			name = Release;
		};
		D0DC76FE196CE47A001EB2D3 /* Debug */ = {
			isa = XCBuildConfiguration;
			baseConfigurationReference = 803BF46C0A3940FCA9B01073 /* Pods.xcconfig */;
			buildSettings = {
				ASSETCATALOG_COMPILER_APPICON_NAME = AppIcon;
				ASSETCATALOG_COMPILER_LAUNCHIMAGE_NAME = LaunchImage;
				GCC_PRECOMPILE_PREFIX_HEADER = YES;
				GCC_PREFIX_HEADER = "Tour Map/Tour Map-Prefix.pch";
				INFOPLIST_FILE = "Tour Map/Tour Map-Info.plist";
				IPHONEOS_DEPLOYMENT_TARGET = 7.0;
				PRODUCT_NAME = "$(TARGET_NAME)";
				WRAPPER_EXTENSION = app;
			};
			name = Debug;
		};
		D0DC76FF196CE47A001EB2D3 /* Release */ = {
			isa = XCBuildConfiguration;
			baseConfigurationReference = 803BF46C0A3940FCA9B01073 /* Pods.xcconfig */;
			buildSettings = {
				ASSETCATALOG_COMPILER_APPICON_NAME = AppIcon;
				ASSETCATALOG_COMPILER_LAUNCHIMAGE_NAME = LaunchImage;
				GCC_PRECOMPILE_PREFIX_HEADER = YES;
				GCC_PREFIX_HEADER = "Tour Map/Tour Map-Prefix.pch";
				INFOPLIST_FILE = "Tour Map/Tour Map-Info.plist";
				IPHONEOS_DEPLOYMENT_TARGET = 7.0;
				PRODUCT_NAME = "$(TARGET_NAME)";
				WRAPPER_EXTENSION = app;
			};
			name = Release;
		};
/* End XCBuildConfiguration section */

/* Begin XCConfigurationList section */
		D0DC76C6196CE47A001EB2D3 /* Build configuration list for PBXProject "Tour Map" */ = {
			isa = XCConfigurationList;
			buildConfigurations = (
				D0DC76FB196CE47A001EB2D3 /* Debug */,
				D0DC76FC196CE47A001EB2D3 /* Release */,
			);
			defaultConfigurationIsVisible = 0;
			defaultConfigurationName = Release;
		};
		D0DC76FD196CE47A001EB2D3 /* Build configuration list for PBXNativeTarget "Tour Map" */ = {
			isa = XCConfigurationList;
			buildConfigurations = (
				D0DC76FE196CE47A001EB2D3 /* Debug */,
				D0DC76FF196CE47A001EB2D3 /* Release */,
			);
			defaultConfigurationIsVisible = 0;
			defaultConfigurationName = Release;
		};
/* End XCConfigurationList section */

/* Begin XCVersionGroup section */
		D05E8A54196F86EE00B633A3 /* CoreDataModel.xcdatamodeld */ = {
			isa = XCVersionGroup;
			children = (
				D05E8A55196F86EE00B633A3 /* CoreDataModel.xcdatamodel */,
			);
			currentVersion = D05E8A55196F86EE00B633A3 /* CoreDataModel.xcdatamodel */;
			name = CoreDataModel.xcdatamodeld;
			path = ../CoreDataModel.xcdatamodeld;
			sourceTree = "<group>";
			versionGroupType = wrapper.xcdatamodel;
		};
/* End XCVersionGroup section */
	};
	rootObject = D0DC76C3196CE47A001EB2D3 /* Project object */;
}
